// !$*UTF8*$!
{
	archiveVersion = 1;
	classes = {
	};
	objectVersion = 46;
	objects = {

/* Begin PBXBuildFile section */
		D9D375711C128269008C54FF /* main.m in Sources */ = {isa = PBXBuildFile; fileRef = D9D375701C128269008C54FF /* main.m */; };
		D9D375741C128269008C54FF /* AppDelegate.m in Sources */ = {isa = PBXBuildFile; fileRef = D9D375731C128269008C54FF /* AppDelegate.m */; };
		D9D375771C128269008C54FF /* ViewController.m in Sources */ = {isa = PBXBuildFile; fileRef = D9D375761C128269008C54FF /* ViewController.m */; };
		D9D3757A1C128269008C54FF /* Main.storyboard in Resources */ = {isa = PBXBuildFile; fileRef = D9D375781C128269008C54FF /* Main.storyboard */; };
		D9D3757C1C128269008C54FF /* Assets.xcassets in Resources */ = {isa = PBXBuildFile; fileRef = D9D3757B1C128269008C54FF /* Assets.xcassets */; };
		D9D3757F1C128269008C54FF /* LaunchScreen.storyboard in Resources */ = {isa = PBXBuildFile; fileRef = D9D3757D1C128269008C54FF /* LaunchScreen.storyboard */; };
		D9D3758A1C128269008C54FF /* DVVARCProgressTests.m in Sources */ = {isa = PBXBuildFile; fileRef = D9D375891C128269008C54FF /* DVVARCProgressTests.m */; };
		D9D375951C128269008C54FF /* DVVARCProgressUITests.m in Sources */ = {isa = PBXBuildFile; fileRef = D9D375941C128269008C54FF /* DVVARCProgressUITests.m */; };
		D9D375A61C12829A008C54FF /* DVVProgressView.m in Sources */ = {isa = PBXBuildFile; fileRef = D9D375A31C12829A008C54FF /* DVVProgressView.m */; };
		D9D375A71C12829A008C54FF /* UIColor+Extension.m in Sources */ = {isa = PBXBuildFile; fileRef = D9D375A51C12829A008C54FF /* UIColor+Extension.m */; };
		E134DBFF1C16B48D00FEB6B1 /* DVVProgressLayer.m in Sources */ = {isa = PBXBuildFile; fileRef = E134DBFE1C16B48D00FEB6B1 /* DVVProgressLayer.m */; };
/* End PBXBuildFile section */

/* Begin PBXContainerItemProxy section */
		D9D375861C128269008C54FF /* PBXContainerItemProxy */ = {
			isa = PBXContainerItemProxy;
			containerPortal = D9D375641C128268008C54FF /* Project object */;
			proxyType = 1;
			remoteGlobalIDString = D9D3756B1C128269008C54FF;
			remoteInfo = DVVARCProgress;
		};
		D9D375911C128269008C54FF /* PBXContainerItemProxy */ = {
			isa = PBXContainerItemProxy;
			containerPortal = D9D375641C128268008C54FF /* Project object */;
			proxyType = 1;
			remoteGlobalIDString = D9D3756B1C128269008C54FF;
			remoteInfo = DVVARCProgress;
		};
/* End PBXContainerItemProxy section */

/* Begin PBXFileReference section */
		D9D3756C1C128269008C54FF /* DVVARCProgress.app */ = {isa = PBXFileReference; explicitFileType = wrapper.application; includeInIndex = 0; path = DVVARCProgress.app; sourceTree = BUILT_PRODUCTS_DIR; };
		D9D375701C128269008C54FF /* main.m */ = {isa = PBXFileReference; lastKnownFileType = sourcecode.c.objc; path = main.m; sourceTree = "<group>"; };
		D9D375721C128269008C54FF /* AppDelegate.h */ = {isa = PBXFileReference; lastKnownFileType = sourcecode.c.h; path = AppDelegate.h; sourceTree = "<group>"; };
		D9D375731C128269008C54FF /* AppDelegate.m */ = {isa = PBXFileReference; lastKnownFileType = sourcecode.c.objc; path = AppDelegate.m; sourceTree = "<group>"; };
		D9D375751C128269008C54FF /* ViewController.h */ = {isa = PBXFileReference; lastKnownFileType = sourcecode.c.h; path = ViewController.h; sourceTree = "<group>"; };
		D9D375761C128269008C54FF /* ViewController.m */ = {isa = PBXFileReference; lastKnownFileType = sourcecode.c.objc; path = ViewController.m; sourceTree = "<group>"; };
		D9D375791C128269008C54FF /* Base */ = {isa = PBXFileReference; lastKnownFileType = file.storyboard; name = Base; path = Base.lproj/Main.storyboard; sourceTree = "<group>"; };
		D9D3757B1C128269008C54FF /* Assets.xcassets */ = {isa = PBXFileReference; lastKnownFileType = folder.assetcatalog; path = Assets.xcassets; sourceTree = "<group>"; };
		D9D3757E1C128269008C54FF /* Base */ = {isa = PBXFileReference; lastKnownFileType = file.storyboard; name = Base; path = Base.lproj/LaunchScreen.storyboard; sourceTree = "<group>"; };
		D9D375801C128269008C54FF /* Info.plist */ = {isa = PBXFileReference; lastKnownFileType = text.plist.xml; path = Info.plist; sourceTree = "<group>"; };
		D9D375851C128269008C54FF /* DVVARCProgressTests.xctest */ = {isa = PBXFileReference; explicitFileType = wrapper.cfbundle; includeInIndex = 0; path = DVVARCProgressTests.xctest; sourceTree = BUILT_PRODUCTS_DIR; };
		D9D375891C128269008C54FF /* DVVARCProgressTests.m */ = {isa = PBXFileReference; lastKnownFileType = sourcecode.c.objc; path = DVVARCProgressTests.m; sourceTree = "<group>"; };
		D9D3758B1C128269008C54FF /* Info.plist */ = {isa = PBXFileReference; lastKnownFileType = text.plist.xml; path = Info.plist; sourceTree = "<group>"; };
		D9D375901C128269008C54FF /* DVVARCProgressUITests.xctest */ = {isa = PBXFileReference; explicitFileType = wrapper.cfbundle; includeInIndex = 0; path = DVVARCProgressUITests.xctest; sourceTree = BUILT_PRODUCTS_DIR; };
		D9D375941C128269008C54FF /* DVVARCProgressUITests.m */ = {isa = PBXFileReference; lastKnownFileType = sourcecode.c.objc; path = DVVARCProgressUITests.m; sourceTree = "<group>"; };
		D9D375961C128269008C54FF /* Info.plist */ = {isa = PBXFileReference; lastKnownFileType = text.plist.xml; path = Info.plist; sourceTree = "<group>"; };
		D9D375A21C12829A008C54FF /* DVVProgressView.h */ = {isa = PBXFileReference; fileEncoding = 4; lastKnownFileType = sourcecode.c.h; path = DVVProgressView.h; sourceTree = "<group>"; };
		D9D375A31C12829A008C54FF /* DVVProgressView.m */ = {isa = PBXFileReference; fileEncoding = 4; lastKnownFileType = sourcecode.c.objc; path = DVVProgressView.m; sourceTree = "<group>"; };
		D9D375A41C12829A008C54FF /* UIColor+Extension.h */ = {isa = PBXFileReference; fileEncoding = 4; lastKnownFileType = sourcecode.c.h; path = "UIColor+Extension.h"; sourceTree = "<group>"; };
		D9D375A51C12829A008C54FF /* UIColor+Extension.m */ = {isa = PBXFileReference; fileEncoding = 4; lastKnownFileType = sourcecode.c.objc; path = "UIColor+Extension.m"; sourceTree = "<group>"; };
		E134DBFD1C16B48D00FEB6B1 /* DVVProgressLayer.h */ = {isa = PBXFileReference; fileEncoding = 4; lastKnownFileType = sourcecode.c.h; path = DVVProgressLayer.h; sourceTree = "<group>"; };
		E134DBFE1C16B48D00FEB6B1 /* DVVProgressLayer.m */ = {isa = PBXFileReference; fileEncoding = 4; lastKnownFileType = sourcecode.c.objc; path = DVVProgressLayer.m; sourceTree = "<group>"; };
/* End PBXFileReference section */

/* Begin PBXFrameworksBuildPhase section */
		D9D375691C128269008C54FF /* Frameworks */ = {
			isa = PBXFrameworksBuildPhase;
			buildActionMask = 2147483647;
			files = (
			);
			runOnlyForDeploymentPostprocessing = 0;
		};
		D9D375821C128269008C54FF /* Frameworks */ = {
			isa = PBXFrameworksBuildPhase;
			buildActionMask = 2147483647;
			files = (
			);
			runOnlyForDeploymentPostprocessing = 0;
		};
		D9D3758D1C128269008C54FF /* Frameworks */ = {
			isa = PBXFrameworksBuildPhase;
			buildActionMask = 2147483647;
			files = (
			);
			runOnlyForDeploymentPostprocessing = 0;
		};
/* End PBXFrameworksBuildPhase section */

/* Begin PBXGroup section */
		D9D375631C128268008C54FF = {
			isa = PBXGroup;
			children = (
				D9D3756E1C128269008C54FF /* DVVARCProgress */,
				D9D375881C128269008C54FF /* DVVARCProgressTests */,
				D9D375931C128269008C54FF /* DVVARCProgressUITests */,
				D9D3756D1C128269008C54FF /* Products */,
			);
			sourceTree = "<group>";
		};
		D9D3756D1C128269008C54FF /* Products */ = {
			isa = PBXGroup;
			children = (
				D9D3756C1C128269008C54FF /* DVVARCProgress.app */,
				D9D375851C128269008C54FF /* DVVARCProgressTests.xctest */,
				D9D375901C128269008C54FF /* DVVARCProgressUITests.xctest */,
			);
			name = Products;
			sourceTree = "<group>";
		};
		D9D3756E1C128269008C54FF /* DVVARCProgress */ = {
			isa = PBXGroup;
			children = (
				D9D375721C128269008C54FF /* AppDelegate.h */,
				D9D375731C128269008C54FF /* AppDelegate.m */,
				D9D375751C128269008C54FF /* ViewController.h */,
				D9D375761C128269008C54FF /* ViewController.m */,
				D9D375A21C12829A008C54FF /* DVVProgressView.h */,
				D9D375A31C12829A008C54FF /* DVVProgressView.m */,
				E134DBFD1C16B48D00FEB6B1 /* DVVProgressLayer.h */,
				E134DBFE1C16B48D00FEB6B1 /* DVVProgressLayer.m */,
				D9D375A41C12829A008C54FF /* UIColor+Extension.h */,
				D9D375A51C12829A008C54FF /* UIColor+Extension.m */,
				D9D375781C128269008C54FF /* Main.storyboard */,
				D9D3757B1C128269008C54FF /* Assets.xcassets */,
				D9D3757D1C128269008C54FF /* LaunchScreen.storyboard */,
				D9D375801C128269008C54FF /* Info.plist */,
				D9D3756F1C128269008C54FF /* Supporting Files */,
			);
			path = DVVARCProgress;
			sourceTree = "<group>";
		};
		D9D3756F1C128269008C54FF /* Supporting Files */ = {
			isa = PBXGroup;
			children = (
				D9D375701C128269008C54FF /* main.m */,
			);
			name = "Supporting Files";
			sourceTree = "<group>";
		};
		D9D375881C128269008C54FF /* DVVARCProgressTests */ = {
			isa = PBXGroup;
			children = (
				D9D375891C128269008C54FF /* DVVARCProgressTests.m */,
				D9D3758B1C128269008C54FF /* Info.plist */,
			);
			path = DVVARCProgressTests;
			sourceTree = "<group>";
		};
		D9D375931C128269008C54FF /* DVVARCProgressUITests */ = {
			isa = PBXGroup;
			children = (
				D9D375941C128269008C54FF /* DVVARCProgressUITests.m */,
				D9D375961C128269008C54FF /* Info.plist */,
			);
			path = DVVARCProgressUITests;
			sourceTree = "<group>";
		};
/* End PBXGroup section */

/* Begin PBXNativeTarget section */
		D9D3756B1C128269008C54FF /* DVVARCProgress */ = {
			isa = PBXNativeTarget;
			buildConfigurationList = D9D375991C128269008C54FF /* Build configuration list for PBXNativeTarget "DVVARCProgress" */;
			buildPhases = (
				D9D375681C128269008C54FF /* Sources */,
				D9D375691C128269008C54FF /* Frameworks */,
				D9D3756A1C128269008C54FF /* Resources */,
			);
			buildRules = (
			);
			dependencies = (
			);
			name = DVVARCProgress;
			productName = DVVARCProgress;
			productReference = D9D3756C1C128269008C54FF /* DVVARCProgress.app */;
			productType = "com.apple.product-type.application";
		};
		D9D375841C128269008C54FF /* DVVARCProgressTests */ = {
			isa = PBXNativeTarget;
			buildConfigurationList = D9D3759C1C128269008C54FF /* Build configuration list for PBXNativeTarget "DVVARCProgressTests" */;
			buildPhases = (
				D9D375811C128269008C54FF /* Sources */,
				D9D375821C128269008C54FF /* Frameworks */,
				D9D375831C128269008C54FF /* Resources */,
			);
			buildRules = (
			);
			dependencies = (
				D9D375871C128269008C54FF /* PBXTargetDependency */,
			);
			name = DVVARCProgressTests;
			productName = DVVARCProgressTests;
			productReference = D9D375851C128269008C54FF /* DVVARCProgressTests.xctest */;
			productType = "com.apple.product-type.bundle.unit-test";
		};
		D9D3758F1C128269008C54FF /* DVVARCProgressUITests */ = {
			isa = PBXNativeTarget;
			buildConfigurationList = D9D3759F1C128269008C54FF /* Build configuration list for PBXNativeTarget "DVVARCProgressUITests" */;
			buildPhases = (
				D9D3758C1C128269008C54FF /* Sources */,
				D9D3758D1C128269008C54FF /* Frameworks */,
				D9D3758E1C128269008C54FF /* Resources */,
			);
			buildRules = (
			);
			dependencies = (
				D9D375921C128269008C54FF /* PBXTargetDependency */,
			);
			name = DVVARCProgressUITests;
			productName = DVVARCProgressUITests;
			productReference = D9D375901C128269008C54FF /* DVVARCProgressUITests.xctest */;
			productType = "com.apple.product-type.bundle.ui-testing";
		};
/* End PBXNativeTarget section */

/* Begin PBXProject section */
		D9D375641C128268008C54FF /* Project object */ = {
			isa = PBXProject;
			attributes = {
				LastUpgradeCheck = 0710;
				ORGANIZATIONNAME = DaWei;
				TargetAttributes = {
					D9D3756B1C128269008C54FF = {
						CreatedOnToolsVersion = 7.1.1;
					};
					D9D375841C128269008C54FF = {
						CreatedOnToolsVersion = 7.1.1;
						TestTargetID = D9D3756B1C128269008C54FF;
					};
					D9D3758F1C128269008C54FF = {
						CreatedOnToolsVersion = 7.1.1;
						TestTargetID = D9D3756B1C128269008C54FF;
					};
				};
			};
			buildConfigurationList = D9D375671C128268008C54FF /* Build configuration list for PBXProject "DVVARCProgress" */;
			compatibilityVersion = "Xcode 3.2";
			developmentRegion = English;
			hasScannedForEncodings = 0;
			knownRegions = (
				en,
				Base,
			);
			mainGroup = D9D375631C128268008C54FF;
			productRefGroup = D9D3756D1C128269008C54FF /* Products */;
			projectDirPath = "";
			projectRoot = "";
			targets = (
				D9D3756B1C128269008C54FF /* DVVARCProgress */,
				D9D375841C128269008C54FF /* DVVARCProgressTests */,
				D9D3758F1C128269008C54FF /* DVVARCProgressUITests */,
			);
		};
/* End PBXProject section */

/* Begin PBXResourcesBuildPhase section */
		D9D3756A1C128269008C54FF /* Resources */ = {
			isa = PBXResourcesBuildPhase;
			buildActionMask = 2147483647;
			files = (
				D9D3757F1C128269008C54FF /* LaunchScreen.storyboard in Resources */,
				D9D3757C1C128269008C54FF /* Assets.xcassets in Resources */,
				D9D3757A1C128269008C54FF /* Main.storyboard in Resources */,
			);
			runOnlyForDeploymentPostprocessing = 0;
		};
		D9D375831C128269008C54FF /* Resources */ = {
			isa = PBXResourcesBuildPhase;
			buildActionMask = 2147483647;
			files = (
			);
			runOnlyForDeploymentPostprocessing = 0;
		};
		D9D3758E1C128269008C54FF /* Resources */ = {
			isa = PBXResourcesBuildPhase;
			buildActionMask = 2147483647;
			files = (
			);
			runOnlyForDeploymentPostprocessing = 0;
		};
/* End PBXResourcesBuildPhase section */

/* Begin PBXSourcesBuildPhase section */
		D9D375681C128269008C54FF /* Sources */ = {
			isa = PBXSourcesBuildPhase;
			buildActionMask = 2147483647;
			files = (
				D9D375A61C12829A008C54FF /* DVVProgressView.m in Sources */,
				D9D375771C128269008C54FF /* ViewController.m in Sources */,
				D9D375A71C12829A008C54FF /* UIColor+Extension.m in Sources */,
				E134DBFF1C16B48D00FEB6B1 /* DVVProgressLayer.m in Sources */,
				D9D375741C128269008C54FF /* AppDelegate.m in Sources */,
				D9D375711C128269008C54FF /* main.m in Sources */,
			);
			runOnlyForDeploymentPostprocessing = 0;
		};
		D9D375811C128269008C54FF /* Sources */ = {
			isa = PBXSourcesBuildPhase;
			buildActionMask = 2147483647;
			files = (
				D9D3758A1C128269008C54FF /* DVVARCProgressTests.m in Sources */,
			);
			runOnlyForDeploymentPostprocessing = 0;
		};
		D9D3758C1C128269008C54FF /* Sources */ = {
			isa = PBXSourcesBuildPhase;
			buildActionMask = 2147483647;
			files = (
				D9D375951C128269008C54FF /* DVVARCProgressUITests.m in Sources */,
			);
			runOnlyForDeploymentPostprocessing = 0;
		};
/* End PBXSourcesBuildPhase section */

/* Begin PBXTargetDependency section */
		D9D375871C128269008C54FF /* PBXTargetDependency */ = {
			isa = PBXTargetDependency;
			target = D9D3756B1C128269008C54FF /* DVVARCProgress */;
			targetProxy = D9D375861C128269008C54FF /* PBXContainerItemProxy */;
		};
		D9D375921C128269008C54FF /* PBXTargetDependency */ = {
			isa = PBXTargetDependency;
			target = D9D3756B1C128269008C54FF /* DVVARCProgress */;
			targetProxy = D9D375911C128269008C54FF /* PBXContainerItemProxy */;
		};
/* End PBXTargetDependency section */

/* Begin PBXVariantGroup section */
		D9D375781C128269008C54FF /* Main.storyboard */ = {
			isa = PBXVariantGroup;
			children = (
				D9D375791C128269008C54FF /* Base */,
			);
			name = Main.storyboard;
			sourceTree = "<group>";
		};
		D9D3757D1C128269008C54FF /* LaunchScreen.storyboard */ = {
			isa = PBXVariantGroup;
			children = (
				D9D3757E1C128269008C54FF /* Base */,
			);
			name = LaunchScreen.storyboard;
			sourceTree = "<group>";
		};
/* End PBXVariantGroup section */

/* Begin XCBuildConfiguration section */
		D9D375971C128269008C54FF /* Debug */ = {
			isa = XCBuildConfiguration;
			buildSettings = {
				ALWAYS_SEARCH_USER_PATHS = NO;
				CLANG_CXX_LANGUAGE_STANDARD = "gnu++0x";
				CLANG_CXX_LIBRARY = "libc++";
				CLANG_ENABLE_MODULES = YES;
				CLANG_ENABLE_OBJC_ARC = YES;
				CLANG_WARN_BOOL_CONVERSION = YES;
				CLANG_WARN_CONSTANT_CONVERSION = YES;
				CLANG_WARN_DIRECT_OBJC_ISA_USAGE = YES_ERROR;
				CLANG_WARN_EMPTY_BODY = YES;
				CLANG_WARN_ENUM_CONVERSION = YES;
				CLANG_WARN_INT_CONVERSION = YES;
				CLANG_WARN_OBJC_ROOT_CLASS = YES_ERROR;
				CLANG_WARN_UNREACHABLE_CODE = YES;
				CLANG_WARN__DUPLICATE_METHOD_MATCH = YES;
				"CODE_SIGN_IDENTITY[sdk=iphoneos*]" = "iPhone Developer";
				COPY_PHASE_STRIP = NO;
				DEBUG_INFORMATION_FORMAT = dwarf;
				ENABLE_STRICT_OBJC_MSGSEND = YES;
				ENABLE_TESTABILITY = YES;
				GCC_C_LANGUAGE_STANDARD = gnu99;
				GCC_DYNAMIC_NO_PIC = NO;
				GCC_NO_COMMON_BLOCKS = YES;
				GCC_OPTIMIZATION_LEVEL = 0;
				GCC_PREPROCESSOR_DEFINITIONS = (
					"DEBUG=1",
					"$(inherited)",
				);
				GCC_WARN_64_TO_32_BIT_CONVERSION = YES;
				GCC_WARN_ABOUT_RETURN_TYPE = YES_ERROR;
				GCC_WARN_UNDECLARED_SELECTOR = YES;
				GCC_WARN_UNINITIALIZED_AUTOS = YES_AGGRESSIVE;
				GCC_WARN_UNUSED_FUNCTION = YES;
				GCC_WARN_UNUSED_VARIABLE = YES;
				IPHONEOS_DEPLOYMENT_TARGET = 9.1;
				MTL_ENABLE_DEBUG_INFO = YES;
				ONLY_ACTIVE_ARCH = YES;
				SDKROOT = iphoneos;
			};
			name = Debug;
		};
		D9D375981C128269008C54FF /* Release */ = {
			isa = XCBuildConfiguration;
			buildSettings = {
				ALWAYS_SEARCH_USER_PATHS = NO;
				CLANG_CXX_LANGUAGE_STANDARD = "gnu++0x";
				CLANG_CXX_LIBRARY = "libc++";
				CLANG_ENABLE_MODULES = YES;
				CLANG_ENABLE_OBJC_ARC = YES;
				CLANG_WARN_BOOL_CONVERSION = YES;
				CLANG_WARN_CONSTANT_CONVERSION = YES;
				CLANG_WARN_DIRECT_OBJC_ISA_USAGE = YES_ERROR;
				CLANG_WARN_EMPTY_BODY = YES;
				CLANG_WARN_ENUM_CONVERSION = YES;
				CLANG_WARN_INT_CONVERSION = YES;
				CLANG_WARN_OBJC_ROOT_CLASS = YES_ERROR;
				CLANG_WARN_UNREACHABLE_CODE = YES;
				CLANG_WARN__DUPLICATE_METHOD_MATCH = YES;
				"CODE_SIGN_IDENTITY[sdk=iphoneos*]" = "iPhone Developer";
				COPY_PHASE_STRIP = NO;
				DEBUG_INFORMATION_FORMAT = "dwarf-with-dsym";
				ENABLE_NS_ASSERTIONS = NO;
				ENABLE_STRICT_OBJC_MSGSEND = YES;
				GCC_C_LANGUAGE_STANDARD = gnu99;
				GCC_NO_COMMON_BLOCKS = YES;
				GCC_WARN_64_TO_32_BIT_CONVERSION = YES;
				GCC_WARN_ABOUT_RETURN_TYPE = YES_ERROR;
				GCC_WARN_UNDECLARED_SELECTOR = YES;
				GCC_WARN_UNINITIALIZED_AUTOS = YES_AGGRESSIVE;
				GCC_WARN_UNUSED_FUNCTION = YES;
				GCC_WARN_UNUSED_VARIABLE = YES;
				IPHONEOS_DEPLOYMENT_TARGET = 9.1;
				MTL_ENABLE_DEBUG_INFO = NO;
				SDKROOT = iphoneos;
				VALIDATE_PRODUCT = YES;
			};
			name = Release;
		};
		D9D3759A1C128269008C54FF /* Debug */ = {
			isa = XCBuildConfiguration;
			buildSettings = {
				ASSETCATALOG_COMPILER_APPICON_NAME = AppIcon;
				INFOPLIST_FILE = DVVARCProgress/Info.plist;
				LD_RUNPATH_SEARCH_PATHS = "$(inherited) @executable_path/Frameworks";
				PRODUCT_BUNDLE_IDENTIFIER = com.dawei.DVVARCProgress;
				PRODUCT_NAME = "$(TARGET_NAME)";
			};
			name = Debug;
		};
		D9D3759B1C128269008C54FF /* Release */ = {
			isa = XCBuildConfiguration;
			buildSettings = {
				ASSETCATALOG_COMPILER_APPICON_NAME = AppIcon;
				INFOPLIST_FILE = DVVARCProgress/Info.plist;
				LD_RUNPATH_SEARCH_PATHS = "$(inherited) @executable_path/Frameworks";
				PRODUCT_BUNDLE_IDENTIFIER = com.dawei.DVVARCProgress;
				PRODUCT_NAME = "$(TARGET_NAME)";
			};
			name = Release;
		};
		D9D3759D1C128269008C54FF /* Debug */ = {
			isa = XCBuildConfiguration;
			buildSettings = {
				BUNDLE_LOADER = "$(TEST_HOST)";
				INFOPLIST_FILE = DVVARCProgressTests/Info.plist;
				LD_RUNPATH_SEARCH_PATHS = "$(inherited) @executable_path/Frameworks @loader_path/Frameworks";
				PRODUCT_BUNDLE_IDENTIFIER = com.dawei.DVVARCProgressTests;
				PRODUCT_NAME = "$(TARGET_NAME)";
				TEST_HOST = "$(BUILT_PRODUCTS_DIR)/DVVARCProgress.app/DVVARCProgress";
			};
			name = Debug;
		};
		D9D3759E1C128269008C54FF /* Release */ = {
			isa = XCBuildConfiguration;
			buildSettings = {
				BUNDLE_LOADER = "$(TEST_HOST)";
				INFOPLIST_FILE = DVVARCProgressTests/Info.plist;
				LD_RUNPATH_SEARCH_PATHS = "$(inherited) @executable_path/Frameworks @loader_path/Frameworks";
				PRODUCT_BUNDLE_IDENTIFIER = com.dawei.DVVARCProgressTests;
				PRODUCT_NAME = "$(TARGET_NAME)";
				TEST_HOST = "$(BUILT_PRODUCTS_DIR)/DVVARCProgress.app/DVVARCProgress";
			};
			name = Release;
		};
		D9D375A01C128269008C54FF /* Debug */ = {
			isa = XCBuildConfiguration;
			buildSettings = {
				INFOPLIST_FILE = DVVARCProgressUITests/Info.plist;
				LD_RUNPATH_SEARCH_PATHS = "$(inherited) @executable_path/Frameworks @loader_path/Frameworks";
				PRODUCT_BUNDLE_IDENTIFIER = com.dawei.DVVARCProgressUITests;
				PRODUCT_NAME = "$(TARGET_NAME)";
				TEST_TARGET_NAME = DVVARCProgress;
				USES_XCTRUNNER = YES;
			};
			name = Debug;
		};
		D9D375A11C128269008C54FF /* Release */ = {
			isa = XCBuildConfiguration;
			buildSettings = {
				INFOPLIST_FILE = DVVARCProgressUITests/Info.plist;
				LD_RUNPATH_SEARCH_PATHS = "$(inherited) @executable_path/Frameworks @loader_path/Frameworks";
				PRODUCT_BUNDLE_IDENTIFIER = com.dawei.DVVARCProgressUITests;
				PRODUCT_NAME = "$(TARGET_NAME)";
				TEST_TARGET_NAME = DVVARCProgress;
				USES_XCTRUNNER = YES;
			};
			name = Release;
		};
/* End XCBuildConfiguration section */

/* Begin XCConfigurationList section */
		D9D375671C128268008C54FF /* Build configuration list for PBXProject "DVVARCProgress" */ = {
			isa = XCConfigurationList;
			buildConfigurations = (
				D9D375971C128269008C54FF /* Debug */,
				D9D375981C128269008C54FF /* Release */,
			);
			defaultConfigurationIsVisible = 0;
			defaultConfigurationName = Release;
		};
		D9D375991C128269008C54FF /* Build configuration list for PBXNativeTarget "DVVARCProgress" */ = {
			isa = XCConfigurationList;
			buildConfigurations = (
				D9D3759A1C128269008C54FF /* Debug */,
				D9D3759B1C128269008C54FF /* Release */,
			);
			defaultConfigurationIsVisible = 0;
			defaultConfigurationName = Release;
		};
		D9D3759C1C128269008C54FF /* Build configuration list for PBXNativeTarget "DVVARCProgressTests" */ = {
			isa = XCConfigurationList;
			buildConfigurations = (
				D9D3759D1C128269008C54FF /* Debug */,
				D9D3759E1C128269008C54FF /* Release */,
			);
			defaultConfigurationIsVisible = 0;
			defaultConfigurationName = Release;
		};
		D9D3759F1C128269008C54FF /* Build configuration list for PBXNativeTarget "DVVARCProgressUITests" */ = {
			isa = XCConfigurationList;
			buildConfigurations = (
				D9D375A01C128269008C54FF /* Debug */,
				D9D375A11C128269008C54FF /* Release */,
			);
			defaultConfigurationIsVisible = 0;
			defaultConfigurationName = Release;
		};
/* End XCConfigurationList section */
	};
	rootObject = D9D375641C128268008C54FF /* Project object */;
}
